
Microsoft Visual Studio Solution File, Format Version 12.00
# Visual Studio Version 17
VisualStudioVersion = 17.11.35327.3
MinimumVisualStudioVersion = 10.0.40219.1
Project("{FAE04EC0-301F-11D3-BF4B-00C04F79EFBC}") = "Laba4", "Laba4\Laba4.csproj", "{A9071377-F1E5-49BA-82ED-3BDF4099B270}"
EndProject
Global
	GlobalSection(SolutionConfigurationPlatforms) = preSolution
		Debug|Any CPU = Debug|Any CPU
		Release|Any CPU = Release|Any CPU
	EndGlobalSection
	GlobalSection(ProjectConfigurationPlatforms) = postSolution
		{A9071377-F1E5-49BA-82ED-3BDF4099B270}.Debug|Any CPU.ActiveCfg = Debug|Any CPU
		{A9071377-F1E5-49BA-82ED-3BDF4099B270}.Debug|Any CPU.Build.0 = Debug|Any CPU
		{A9071377-F1E5-49BA-82ED-3BDF4099B270}.Release|Any CPU.ActiveCfg = Release|Any CPU
		{A9071377-F1E5-49BA-82ED-3BDF4099B270}.Release|Any CPU.Build.0 = Release|Any CPU
	EndGlobalSection
	GlobalSection(SolutionProperties) = preSolution
		HideSolutionNode = FALSE
	EndGlobalSection
	GlobalSection(ExtensibilityGlobals) = postSolution
		SolutionGuid = {B4A93FB2-20FC-46D1-A93E-C35850AA5C33}
	EndGlobalSection
EndGlobal
